
Microsoft Visual Studio Solution File, Format Version 12.00
# Visual Studio 15
VisualStudioVersion = 15.0.27130.2036
MinimumVisualStudioVersion = 10.0.40219.1
Project("{FAE04EC0-301F-11D3-BF4B-00C04F79EFBC}") = "Test", "Test\Test.csproj", "{6F0E6B35-409D-4F80-BBB6-150E718849AA}"
EndProject
Global
	GlobalSection(SolutionConfigurationPlatforms) = preSolution
		Debug|Any CPU = Debug|Any CPU
		Release|Any CPU = Release|Any CPU
	EndGlobalSection
	GlobalSection(ProjectConfigurationPlatforms) = postSolution
		{6F0E6B35-409D-4F80-BBB6-150E718849AA}.Debug|Any CPU.ActiveCfg = Debug|Any CPU
		{6F0E6B35-409D-4F80-BBB6-150E718849AA}.Debug|Any CPU.Build.0 = Debug|Any CPU
		{6F0E6B35-409D-4F80-BBB6-150E718849AA}.Release|Any CPU.ActiveCfg = Release|Any CPU
		{6F0E6B35-409D-4F80-BBB6-150E718849AA}.Release|Any CPU.Build.0 = Release|Any CPU
	EndGlobalSection
	GlobalSection(SolutionProperties) = preSolution
		HideSolutionNode = FALSE
	EndGlobalSection
	GlobalSection(ExtensibilityGlobals) = postSolution
		SolutionGuid = {64C6BC2A-F126-4A55-A493-588075B49B7F}
	EndGlobalSection
EndGlobal
